
Microsoft Visual Studio Solution File, Format Version 12.00
# Visual Studio 2012
Project("{FAE04EC0-301F-11D3-BF4B-00C04F79EFBC}") = "SimpleChat", "SimpleChat\SimpleChat.csproj", "{4222FD95-2AF8-42D6-972D-3191A9658C85}"
EndProject
Global
	GlobalSection(SolutionConfigurationPlatforms) = preSolution
		Debug|Any CPU = Debug|Any CPU
		Release|Any CPU = Release|Any CPU
	EndGlobalSection
	GlobalSection(ProjectConfigurationPlatforms) = postSolution
		{4222FD95-2AF8-42D6-972D-3191A9658C85}.Debug|Any CPU.ActiveCfg = Debug|Any CPU
		{4222FD95-2AF8-42D6-972D-3191A9658C85}.Debug|Any CPU.Build.0 = Debug|Any CPU
		{4222FD95-2AF8-42D6-972D-3191A9658C85}.Release|Any CPU.ActiveCfg = Release|Any CPU
		{4222FD95-2AF8-42D6-972D-3191A9658C85}.Release|Any CPU.Build.0 = Release|Any CPU
	EndGlobalSection
	GlobalSection(SolutionProperties) = preSolution
		HideSolutionNode = FALSE
	EndGlobalSection
EndGlobal
